
Microsoft Visual Studio Solution File, Format Version 12.00
# Visual Studio Version 16
VisualStudioVersion = 16.0.28917.181
MinimumVisualStudioVersion = 10.0.40219.1
Project("{D954291E-2A0B-460D-934E-DC6B0785DB48}") = "Tklc.IO", "src\Tklc.IO\Tklc.IO.shproj", "{FD89533C-3989-46AF-9F82-28231F1C289E}"
EndProject
Project("{2150E333-8FDC-42A3-9474-1A3956D46DE8}") = "src", "src", "{13914121-8DCB-4D63-A659-903495B6ABB0}"
EndProject
Project("{2150E333-8FDC-42A3-9474-1A3956D46DE8}") = "build", "build", "{93E29ECC-8BB9-4FF8-8CDA-B5BD5A7925CE}"
EndProject
Project("{2150E333-8FDC-42A3-9474-1A3956D46DE8}") = "Tklc.IO", "Tklc.IO", "{E62ABED5-573B-4F95-A6D7-367797D06C50}"
EndProject
Project("{2150E333-8FDC-42A3-9474-1A3956D46DE8}") = "tests", "tests", "{91A391B9-3328-4C4C-BAFF-21EF7B84B026}"
EndProject
Project("{9A19103F-16F7-4668-BE54-9A1E7A4F7556}") = "Tklc.Tests.IO", "tests\Tklc.Tests.IO\Tklc.Tests.IO.csproj", "{233E14B2-28C4-4181-B1FF-58750B2944EB}"
EndProject
Project("{9A19103F-16F7-4668-BE54-9A1E7A4F7556}") = "Tklc.IO.NetCoreApp21", "build\Tklc.IO\Tklc.IO.NetCoreApp21\Tklc.IO.NetCoreApp21.csproj", "{49DC8953-132A-4784-8C78-B5E2DA05F030}"
EndProject
Project("{D954291E-2A0B-460D-934E-DC6B0785DB48}") = "Tklc.Drawing", "src\Tklc.Drawing\Tklc.Drawing.shproj", "{2892421A-FC94-404B-9EBF-E3E97253992C}"
EndProject
Project("{2150E333-8FDC-42A3-9474-1A3956D46DE8}") = "Tklc.Drawing", "Tklc.Drawing", "{20AF9B30-146E-483E-A4F7-C09AF17C9121}"
EndProject
Project("{9A19103F-16F7-4668-BE54-9A1E7A4F7556}") = "Tklc.Drawing.NetCoreApp21", "build\Tklc.Drawing\Tklc.Drawing.NetCoreApp21\Tklc.Drawing.NetCoreApp21.csproj", "{E5DCD67E-B273-4992-8B5B-4467B782C8DD}"
EndProject
Project("{2150E333-8FDC-42A3-9474-1A3956D46DE8}") = "utilities", "utilities", "{03DDA143-1444-4D4B-AB4D-D268DC0A9F80}"
EndProject
Project("{9A19103F-16F7-4668-BE54-9A1E7A4F7556}") = "GifDump", "utilities\GifDump\GifDump.csproj", "{3D73FFAE-669C-44EE-B918-C8CBA612A166}"
EndProject
Project("{D954291E-2A0B-460D-934E-DC6B0785DB48}") = "Tklc.Wpf", "src\Tklc.Wpf\Tklc.Wpf.shproj", "{482A4515-69CB-4312-84B7-0566841272E3}"
EndProject
Project("{2150E333-8FDC-42A3-9474-1A3956D46DE8}") = "Tklc.Wpf", "Tklc.Wpf", "{57B4DC41-4E81-439C-BADD-ADD9AA3B2C52}"
EndProject
Project("{D954291E-2A0B-460D-934E-DC6B0785DB48}") = "Tklc.Framework", "src\Tklc.Framework\Tklc.Framework.shproj", "{9F742958-801A-4812-9A63-797833361829}"
EndProject
Project("{2150E333-8FDC-42A3-9474-1A3956D46DE8}") = "Tklc.Framework", "Tklc.Framework", "{DC93501E-2CEB-4EC6-89B9-D31ED662EB7F}"
EndProject
Project("{D954291E-2A0B-460D-934E-DC6B0785DB48}") = "Tklc.CommandLine", "src\Tklc.CommandLine\Tklc.CommandLine.shproj", "{2A4497AC-5141-4736-8039-44DFB5EA495E}"
EndProject
Project("{2150E333-8FDC-42A3-9474-1A3956D46DE8}") = "Tklc.CommandLine", "Tklc.CommandLine", "{9DD7B99E-A7AD-4573-9784-04EF606FF18A}"
EndProject
Project("{9A19103F-16F7-4668-BE54-9A1E7A4F7556}") = "Tklc.CommandLine.NetCoreApp21", "build\Tklc.CommandLine\Tklc.CommandLine.NetCoreApp21\Tklc.CommandLine.NetCoreApp21.csproj", "{2A8C4C69-63DE-477F-94A5-911102812F7C}"
EndProject
Project("{D954291E-2A0B-460D-934E-DC6B0785DB48}") = "Tklc.Json", "src\Tklc.Json\Tklc.Json.shproj", "{1402E359-1B38-4D28-AFE4-AB8B644F14AB}"
EndProject
Project("{2150E333-8FDC-42A3-9474-1A3956D46DE8}") = "Tklc.Json", "Tklc.Json", "{BB90A9A7-9E1A-4DAC-9635-8FE5E5DFA78F}"
EndProject
Project("{D954291E-2A0B-460D-934E-DC6B0785DB48}") = "Tklc.Cryptography", "src\Tklc.Cryptography\Tklc.Cryptography.shproj", "{4FEDC4E5-DBE3-406F-B2FC-68E78826423E}"
EndProject
Project("{2150E333-8FDC-42A3-9474-1A3956D46DE8}") = "Tklc.Cryptography", "Tklc.Cryptography", "{11E7FC8F-9FDD-48D1-8B1D-0AE7BB8394F4}"
EndProject
Project("{9A19103F-16F7-4668-BE54-9A1E7A4F7556}") = "Tklc.Tests.Cryptography", "tests\Tklc.Tests.Cryptography\Tklc.Tests.Cryptography.csproj", "{30ACFB2C-174E-45C3-9A4D-1CE3F0F22740}"
EndProject
Project("{9A19103F-16F7-4668-BE54-9A1E7A4F7556}") = "ScryptBench", "utilities\ScryptBench\ScryptBench.csproj", "{8905BEBA-14E6-4B6B-90DB-29AAB77C26F8}"
EndProject
Project("{D954291E-2A0B-460D-934E-DC6B0785DB48}") = "Tklc.Cryptography.Intrinsics", "src\Tklc.Cryptography.Intrinsics\Tklc.Cryptography.Intrinsics.shproj", "{7D780DCB-4848-4D66-BB2F-A9D8D4D15EDA}"
EndProject
Project("{9A19103F-16F7-4668-BE54-9A1E7A4F7556}") = "Tklc.CommandLine.NetCoreApp31", "build\Tklc.CommandLine\Tklc.CommandLine.NetCoreApp31\Tklc.CommandLine.NetCoreApp31.csproj", "{A29E0A26-40D0-419A-994D-EB51C37DA6B9}"
EndProject
Project("{9A19103F-16F7-4668-BE54-9A1E7A4F7556}") = "Tklc.Cryptography.NetCoreApp21", "build\Tklc.Cryptography\Tklc.Cryptography.NetCoreApp21\Tklc.Cryptography.NetCoreApp21.csproj", "{1A2F3F98-4A69-49C2-B97B-0A62BECFB3C0}"
EndProject
Project("{FAE04EC0-301F-11D3-BF4B-00C04F79EFBC}") = "Tklc.Drawing.Net45", "build\Tklc.Drawing\Tklc.Drawing.Net45\Tklc.Drawing.Net45.csproj", "{1657CE43-0B26-4427-B40A-65E8C98FAAFD}"
EndProject
Project("{9A19103F-16F7-4668-BE54-9A1E7A4F7556}") = "Tklc.Drawing.NetCoreApp31", "build\Tklc.Drawing\Tklc.Drawing.NetCoreApp31\Tklc.Drawing.NetCoreApp31.csproj", "{1EDB90E2-1742-4862-8A19-77D44F0F32D9}"
EndProject
Project("{9A19103F-16F7-4668-BE54-9A1E7A4F7556}") = "Tklc.Cryptography.NetCoreApp31", "build\Tklc.Cryptography\Tklc.Cryptography.NetCoreApp31\Tklc.Cryptography.NetCoreApp31.csproj", "{C27BAD1C-A797-4A81-BD38-675B3AFFE558}"
EndProject
Project("{9A19103F-16F7-4668-BE54-9A1E7A4F7556}") = "Tklc.Framework.NetCoreApp21", "build\Tklc.Framework\Tklc.Framework.NetCoreApp21\Tklc.Framework.NetCoreApp21.csproj", "{065AEE28-76C3-41C6-9561-8826DF46E1DC}"
EndProject
Project("{9A19103F-16F7-4668-BE54-9A1E7A4F7556}") = "Tklc.Framework.NetCoreApp31", "build\Tklc.Framework\Tklc.Framework.NetCoreApp31\Tklc.Framework.NetCoreApp31.csproj", "{FE2B1027-3DF0-45D9-8EFF-16A699843713}"
EndProject
Project("{FAE04EC0-301F-11D3-BF4B-00C04F79EFBC}") = "Tklc.Framework.Net45", "build\Tklc.Framework\Tklc.Framework.Net45\Tklc.Framework.Net45.csproj", "{55FCF066-0708-4B48-92C8-5660D08FFD35}"
EndProject
Project("{FAE04EC0-301F-11D3-BF4B-00C04F79EFBC}") = "Tklc.IO.Net45", "build\Tklc.IO\Tklc.IO.Net45\Tklc.IO.Net45.csproj", "{2AF4C1A4-1E23-4967-9F9F-413EC73B6F1E}"
EndProject
Project("{9A19103F-16F7-4668-BE54-9A1E7A4F7556}") = "Tklc.IO.NetCoreApp31", "build\Tklc.IO\Tklc.IO.NetCoreApp31\Tklc.IO.NetCoreApp31.csproj", "{4ADC524D-D2FE-4993-B759-DEE5F846CE76}"
EndProject
Project("{9A19103F-16F7-4668-BE54-9A1E7A4F7556}") = "Tklc.Json.NetCoreApp21", "build\Tklc.Json\Tklc.Json.NetCoreApp21\Tklc.Json.NetCoreApp21.csproj", "{FA949B30-FA45-4603-A0FF-D723DA16E6F6}"
EndProject
Project("{9A19103F-16F7-4668-BE54-9A1E7A4F7556}") = "Tklc.Json.NetCoreApp31", "build\Tklc.Json\Tklc.Json.NetCoreApp31\Tklc.Json.NetCoreApp31.csproj", "{4C5C2DF8-2BCF-4B61-BE43-11DC2EF5DE1E}"
EndProject
Project("{FAE04EC0-301F-11D3-BF4B-00C04F79EFBC}") = "Tklc.Wpf.Net45", "build\Tklc.Wpf\Tklc.Wpf.Net45\Tklc.Wpf.Net45.csproj", "{30973B49-8077-48A4-95E2-7DFB9B893AF3}"
EndProject
Global
	GlobalSection(SharedMSBuildProjectFiles) = preSolution
		src\Tklc.Framework\Tklc.Framework.projitems*{065aee28-76c3-41c6-9561-8826df46e1dc}*SharedItemsImports = 5
		src\Tklc.Json\Tklc.Json.projitems*{1402e359-1b38-4d28-afe4-ab8b644f14ab}*SharedItemsImports = 13
		src\Tklc.Drawing\Tklc.Drawing.projitems*{1657ce43-0b26-4427-b40a-65e8c98faafd}*SharedItemsImports = 4
		src\Tklc.Cryptography\Tklc.Cryptography.projitems*{1a2f3f98-4a69-49c2-b97b-0a62becfb3c0}*SharedItemsImports = 5
		src\Tklc.Drawing\Tklc.Drawing.projitems*{2892421a-fc94-404b-9ebf-e3e97253992c}*SharedItemsImports = 13
		src\Tklc.CommandLine\Tklc.CommandLine.projitems*{2a4497ac-5141-4736-8039-44dfb5ea495e}*SharedItemsImports = 13
		src\Tklc.CommandLine\Tklc.CommandLine.projitems*{2a8c4c69-63de-477f-94a5-911102812f7c}*SharedItemsImports = 5
		src\Tklc.IO\Tklc.IO.projitems*{2af4c1a4-1e23-4967-9f9f-413ec73b6f1e}*SharedItemsImports = 4
		src\Tklc.Wpf\Tklc.Wpf.projitems*{30973b49-8077-48a4-95e2-7dfb9b893af3}*SharedItemsImports = 4
		src\Tklc.Wpf\Tklc.Wpf.projitems*{482a4515-69cb-4312-84b7-0566841272e3}*SharedItemsImports = 13
		src\Tklc.IO\Tklc.IO.projitems*{49dc8953-132a-4784-8c78-b5e2da05f030}*SharedItemsImports = 5
		src\Tklc.IO\Tklc.IO.projitems*{4adc524d-d2fe-4993-b759-dee5f846ce76}*SharedItemsImports = 5
		src\Tklc.Json\Tklc.Json.projitems*{4c5c2df8-2bcf-4b61-be43-11dc2ef5de1e}*SharedItemsImports = 5
		src\Tklc.Cryptography\Tklc.Cryptography.projitems*{4fedc4e5-dbe3-406f-b2fc-68e78826423e}*SharedItemsImports = 13
		src\Tklc.Framework\Tklc.Framework.projitems*{55fcf066-0708-4b48-92c8-5660d08ffd35}*SharedItemsImports = 4
		src\Tklc.Cryptography.Intrinsics\Tklc.Cryptography.Intrinsics.projitems*{7d780dcb-4848-4d66-bb2f-a9d8d4d15eda}*SharedItemsImports = 13
		src\Tklc.Framework\Tklc.Framework.projitems*{9f742958-801a-4812-9a63-797833361829}*SharedItemsImports = 13
		src\Tklc.CommandLine\Tklc.CommandLine.projitems*{a29e0a26-40d0-419a-994d-eb51c37da6b9}*SharedItemsImports = 5
		src\Tklc.Cryptography.Intrinsics\Tklc.Cryptography.Intrinsics.projitems*{c27bad1c-a797-4a81-bd38-675b3affe558}*SharedItemsImports = 5
		src\Tklc.Cryptography\Tklc.Cryptography.projitems*{c27bad1c-a797-4a81-bd38-675b3affe558}*SharedItemsImports = 5
		src\Tklc.Drawing\Tklc.Drawing.projitems*{e5dcd67e-b273-4992-8b5b-4467b782c8dd}*SharedItemsImports = 5
		src\Tklc.Json\Tklc.Json.projitems*{fa949b30-fa45-4603-a0ff-d723da16e6f6}*SharedItemsImports = 5
		src\Tklc.IO\Tklc.IO.projitems*{fd89533c-3989-46af-9f82-28231f1c289e}*SharedItemsImports = 13
		src\Tklc.Framework\Tklc.Framework.projitems*{fe2b1027-3df0-45d9-8eff-16a699843713}*SharedItemsImports = 5
	EndGlobalSection
	GlobalSection(SolutionConfigurationPlatforms) = preSolution
		Debug|Any CPU = Debug|Any CPU
		Debug|x64 = Debug|x64
		Release|Any CPU = Release|Any CPU
		Release|x64 = Release|x64
	EndGlobalSection
	GlobalSection(ProjectConfigurationPlatforms) = postSolution
		{233E14B2-28C4-4181-B1FF-58750B2944EB}.Debug|Any CPU.ActiveCfg = Debug|Any CPU
		{233E14B2-28C4-4181-B1FF-58750B2944EB}.Debug|Any CPU.Build.0 = Debug|Any CPU
		{233E14B2-28C4-4181-B1FF-58750B2944EB}.Debug|x64.ActiveCfg = Debug|x64
		{233E14B2-28C4-4181-B1FF-58750B2944EB}.Debug|x64.Build.0 = Debug|x64
		{233E14B2-28C4-4181-B1FF-58750B2944EB}.Release|Any CPU.ActiveCfg = Release|Any CPU
		{233E14B2-28C4-4181-B1FF-58750B2944EB}.Release|Any CPU.Build.0 = Release|Any CPU
		{233E14B2-28C4-4181-B1FF-58750B2944EB}.Release|x64.ActiveCfg = Release|x64
		{233E14B2-28C4-4181-B1FF-58750B2944EB}.Release|x64.Build.0 = Release|x64
		{49DC8953-132A-4784-8C78-B5E2DA05F030}.Debug|Any CPU.ActiveCfg = Debug|Any CPU
		{49DC8953-132A-4784-8C78-B5E2DA05F030}.Debug|Any CPU.Build.0 = Debug|Any CPU
		{49DC8953-132A-4784-8C78-B5E2DA05F030}.Debug|x64.ActiveCfg = Debug|x64
		{49DC8953-132A-4784-8C78-B5E2DA05F030}.Debug|x64.Build.0 = Debug|x64
		{49DC8953-132A-4784-8C78-B5E2DA05F030}.Release|Any CPU.ActiveCfg = Release|Any CPU
		{49DC8953-132A-4784-8C78-B5E2DA05F030}.Release|Any CPU.Build.0 = Release|Any CPU
		{49DC8953-132A-4784-8C78-B5E2DA05F030}.Release|x64.ActiveCfg = Release|x64
		{49DC8953-132A-4784-8C78-B5E2DA05F030}.Release|x64.Build.0 = Release|x64
		{E5DCD67E-B273-4992-8B5B-4467B782C8DD}.Debug|Any CPU.ActiveCfg = Debug|Any CPU
		{E5DCD67E-B273-4992-8B5B-4467B782C8DD}.Debug|Any CPU.Build.0 = Debug|Any CPU
		{E5DCD67E-B273-4992-8B5B-4467B782C8DD}.Debug|x64.ActiveCfg = Debug|x64
		{E5DCD67E-B273-4992-8B5B-4467B782C8DD}.Debug|x64.Build.0 = Debug|x64
		{E5DCD67E-B273-4992-8B5B-4467B782C8DD}.Release|Any CPU.ActiveCfg = Release|Any CPU
		{E5DCD67E-B273-4992-8B5B-4467B782C8DD}.Release|Any CPU.Build.0 = Release|Any CPU
		{E5DCD67E-B273-4992-8B5B-4467B782C8DD}.Release|x64.ActiveCfg = Release|x64
		{E5DCD67E-B273-4992-8B5B-4467B782C8DD}.Release|x64.Build.0 = Release|x64
		{3D73FFAE-669C-44EE-B918-C8CBA612A166}.Debug|Any CPU.ActiveCfg = Debug|Any CPU
		{3D73FFAE-669C-44EE-B918-C8CBA612A166}.Debug|Any CPU.Build.0 = Debug|Any CPU
		{3D73FFAE-669C-44EE-B918-C8CBA612A166}.Debug|x64.ActiveCfg = Debug|x64
		{3D73FFAE-669C-44EE-B918-C8CBA612A166}.Debug|x64.Build.0 = Debug|x64
		{3D73FFAE-669C-44EE-B918-C8CBA612A166}.Release|Any CPU.ActiveCfg = Release|Any CPU
		{3D73FFAE-669C-44EE-B918-C8CBA612A166}.Release|Any CPU.Build.0 = Release|Any CPU
		{3D73FFAE-669C-44EE-B918-C8CBA612A166}.Release|x64.ActiveCfg = Release|x64
		{3D73FFAE-669C-44EE-B918-C8CBA612A166}.Release|x64.Build.0 = Release|x64
		{2A8C4C69-63DE-477F-94A5-911102812F7C}.Debug|Any CPU.ActiveCfg = Debug|Any CPU
		{2A8C4C69-63DE-477F-94A5-911102812F7C}.Debug|Any CPU.Build.0 = Debug|Any CPU
		{2A8C4C69-63DE-477F-94A5-911102812F7C}.Debug|x64.ActiveCfg = Debug|x64
		{2A8C4C69-63DE-477F-94A5-911102812F7C}.Debug|x64.Build.0 = Debug|x64
		{2A8C4C69-63DE-477F-94A5-911102812F7C}.Release|Any CPU.ActiveCfg = Release|Any CPU
		{2A8C4C69-63DE-477F-94A5-911102812F7C}.Release|Any CPU.Build.0 = Release|Any CPU
		{2A8C4C69-63DE-477F-94A5-911102812F7C}.Release|x64.ActiveCfg = Release|x64
		{2A8C4C69-63DE-477F-94A5-911102812F7C}.Release|x64.Build.0 = Release|x64
		{30ACFB2C-174E-45C3-9A4D-1CE3F0F22740}.Debug|Any CPU.ActiveCfg = Debug|Any CPU
		{30ACFB2C-174E-45C3-9A4D-1CE3F0F22740}.Debug|Any CPU.Build.0 = Debug|Any CPU
		{30ACFB2C-174E-45C3-9A4D-1CE3F0F22740}.Debug|x64.ActiveCfg = Debug|x64
		{30ACFB2C-174E-45C3-9A4D-1CE3F0F22740}.Debug|x64.Build.0 = Debug|x64
		{30ACFB2C-174E-45C3-9A4D-1CE3F0F22740}.Release|Any CPU.ActiveCfg = Release|Any CPU
		{30ACFB2C-174E-45C3-9A4D-1CE3F0F22740}.Release|Any CPU.Build.0 = Release|Any CPU
		{30ACFB2C-174E-45C3-9A4D-1CE3F0F22740}.Release|x64.ActiveCfg = Release|x64
		{30ACFB2C-174E-45C3-9A4D-1CE3F0F22740}.Release|x64.Build.0 = Release|x64
		{8905BEBA-14E6-4B6B-90DB-29AAB77C26F8}.Debug|Any CPU.ActiveCfg = Debug|Any CPU
		{8905BEBA-14E6-4B6B-90DB-29AAB77C26F8}.Debug|Any CPU.Build.0 = Debug|Any CPU
		{8905BEBA-14E6-4B6B-90DB-29AAB77C26F8}.Debug|x64.ActiveCfg = Debug|x64
		{8905BEBA-14E6-4B6B-90DB-29AAB77C26F8}.Debug|x64.Build.0 = Debug|x64
		{8905BEBA-14E6-4B6B-90DB-29AAB77C26F8}.Release|Any CPU.ActiveCfg = Release|Any CPU
		{8905BEBA-14E6-4B6B-90DB-29AAB77C26F8}.Release|Any CPU.Build.0 = Release|Any CPU
		{8905BEBA-14E6-4B6B-90DB-29AAB77C26F8}.Release|x64.ActiveCfg = Release|x64
		{8905BEBA-14E6-4B6B-90DB-29AAB77C26F8}.Release|x64.Build.0 = Release|x64
		{A29E0A26-40D0-419A-994D-EB51C37DA6B9}.Debug|Any CPU.ActiveCfg = Debug|Any CPU
		{A29E0A26-40D0-419A-994D-EB51C37DA6B9}.Debug|Any CPU.Build.0 = Debug|Any CPU
		{A29E0A26-40D0-419A-994D-EB51C37DA6B9}.Debug|x64.ActiveCfg = Debug|x64
		{A29E0A26-40D0-419A-994D-EB51C37DA6B9}.Debug|x64.Build.0 = Debug|x64
		{A29E0A26-40D0-419A-994D-EB51C37DA6B9}.Release|Any CPU.ActiveCfg = Release|Any CPU
		{A29E0A26-40D0-419A-994D-EB51C37DA6B9}.Release|Any CPU.Build.0 = Release|Any CPU
		{A29E0A26-40D0-419A-994D-EB51C37DA6B9}.Release|x64.ActiveCfg = Release|x64
		{A29E0A26-40D0-419A-994D-EB51C37DA6B9}.Release|x64.Build.0 = Release|x64
		{1A2F3F98-4A69-49C2-B97B-0A62BECFB3C0}.Debug|Any CPU.ActiveCfg = Debug|Any CPU
		{1A2F3F98-4A69-49C2-B97B-0A62BECFB3C0}.Debug|Any CPU.Build.0 = Debug|Any CPU
		{1A2F3F98-4A69-49C2-B97B-0A62BECFB3C0}.Debug|x64.ActiveCfg = Debug|x64
		{1A2F3F98-4A69-49C2-B97B-0A62BECFB3C0}.Debug|x64.Build.0 = Debug|x64
		{1A2F3F98-4A69-49C2-B97B-0A62BECFB3C0}.Release|Any CPU.ActiveCfg = Release|Any CPU
		{1A2F3F98-4A69-49C2-B97B-0A62BECFB3C0}.Release|Any CPU.Build.0 = Release|Any CPU
		{1A2F3F98-4A69-49C2-B97B-0A62BECFB3C0}.Release|x64.ActiveCfg = Release|x64
		{1A2F3F98-4A69-49C2-B97B-0A62BECFB3C0}.Release|x64.Build.0 = Release|x64
		{1657CE43-0B26-4427-B40A-65E8C98FAAFD}.Debug|Any CPU.ActiveCfg = Debug|Any CPU
		{1657CE43-0B26-4427-B40A-65E8C98FAAFD}.Debug|Any CPU.Build.0 = Debug|Any CPU
		{1657CE43-0B26-4427-B40A-65E8C98FAAFD}.Debug|x64.ActiveCfg = Debug|x64
		{1657CE43-0B26-4427-B40A-65E8C98FAAFD}.Debug|x64.Build.0 = Debug|x64
		{1657CE43-0B26-4427-B40A-65E8C98FAAFD}.Release|Any CPU.ActiveCfg = Release|Any CPU
		{1657CE43-0B26-4427-B40A-65E8C98FAAFD}.Release|Any CPU.Build.0 = Release|Any CPU
		{1657CE43-0B26-4427-B40A-65E8C98FAAFD}.Release|x64.ActiveCfg = Release|x64
		{1657CE43-0B26-4427-B40A-65E8C98FAAFD}.Release|x64.Build.0 = Release|x64
		{1EDB90E2-1742-4862-8A19-77D44F0F32D9}.Debug|Any CPU.ActiveCfg = Debug|Any CPU
		{1EDB90E2-1742-4862-8A19-77D44F0F32D9}.Debug|Any CPU.Build.0 = Debug|Any CPU
		{1EDB90E2-1742-4862-8A19-77D44F0F32D9}.Debug|x64.ActiveCfg = Debug|x64
		{1EDB90E2-1742-4862-8A19-77D44F0F32D9}.Debug|x64.Build.0 = Debug|x64
		{1EDB90E2-1742-4862-8A19-77D44F0F32D9}.Release|Any CPU.ActiveCfg = Release|Any CPU
		{1EDB90E2-1742-4862-8A19-77D44F0F32D9}.Release|Any CPU.Build.0 = Release|Any CPU
		{1EDB90E2-1742-4862-8A19-77D44F0F32D9}.Release|x64.ActiveCfg = Release|x64
		{1EDB90E2-1742-4862-8A19-77D44F0F32D9}.Release|x64.Build.0 = Release|x64
		{C27BAD1C-A797-4A81-BD38-675B3AFFE558}.Debug|Any CPU.ActiveCfg = Debug|Any CPU
		{C27BAD1C-A797-4A81-BD38-675B3AFFE558}.Debug|Any CPU.Build.0 = Debug|Any CPU
		{C27BAD1C-A797-4A81-BD38-675B3AFFE558}.Debug|x64.ActiveCfg = Debug|x64
		{C27BAD1C-A797-4A81-BD38-675B3AFFE558}.Debug|x64.Build.0 = Debug|x64
		{C27BAD1C-A797-4A81-BD38-675B3AFFE558}.Release|Any CPU.ActiveCfg = Release|Any CPU
		{C27BAD1C-A797-4A81-BD38-675B3AFFE558}.Release|Any CPU.Build.0 = Release|Any CPU
		{C27BAD1C-A797-4A81-BD38-675B3AFFE558}.Release|x64.ActiveCfg = Release|x64
		{C27BAD1C-A797-4A81-BD38-675B3AFFE558}.Release|x64.Build.0 = Release|x64
		{065AEE28-76C3-41C6-9561-8826DF46E1DC}.Debug|Any CPU.ActiveCfg = Debug|Any CPU
		{065AEE28-76C3-41C6-9561-8826DF46E1DC}.Debug|Any CPU.Build.0 = Debug|Any CPU
		{065AEE28-76C3-41C6-9561-8826DF46E1DC}.Debug|x64.ActiveCfg = Debug|x64
		{065AEE28-76C3-41C6-9561-8826DF46E1DC}.Debug|x64.Build.0 = Debug|x64
		{065AEE28-76C3-41C6-9561-8826DF46E1DC}.Release|Any CPU.ActiveCfg = Release|Any CPU
		{065AEE28-76C3-41C6-9561-8826DF46E1DC}.Release|Any CPU.Build.0 = Release|Any CPU
		{065AEE28-76C3-41C6-9561-8826DF46E1DC}.Release|x64.ActiveCfg = Release|x64
		{065AEE28-76C3-41C6-9561-8826DF46E1DC}.Release|x64.Build.0 = Release|x64
		{FE2B1027-3DF0-45D9-8EFF-16A699843713}.Debug|Any CPU.ActiveCfg = Debug|Any CPU
		{FE2B1027-3DF0-45D9-8EFF-16A699843713}.Debug|Any CPU.Build.0 = Debug|Any CPU
		{FE2B1027-3DF0-45D9-8EFF-16A699843713}.Debug|x64.ActiveCfg = Debug|x64
		{FE2B1027-3DF0-45D9-8EFF-16A699843713}.Debug|x64.Build.0 = Debug|x64
		{FE2B1027-3DF0-45D9-8EFF-16A699843713}.Release|Any CPU.ActiveCfg = Release|Any CPU
		{FE2B1027-3DF0-45D9-8EFF-16A699843713}.Release|Any CPU.Build.0 = Release|Any CPU
		{FE2B1027-3DF0-45D9-8EFF-16A699843713}.Release|x64.ActiveCfg = Release|x64
		{FE2B1027-3DF0-45D9-8EFF-16A699843713}.Release|x64.Build.0 = Release|x64
		{55FCF066-0708-4B48-92C8-5660D08FFD35}.Debug|Any CPU.ActiveCfg = Debug|Any CPU
		{55FCF066-0708-4B48-92C8-5660D08FFD35}.Debug|Any CPU.Build.0 = Debug|Any CPU
		{55FCF066-0708-4B48-92C8-5660D08FFD35}.Debug|x64.ActiveCfg = Debug|x64
		{55FCF066-0708-4B48-92C8-5660D08FFD35}.Debug|x64.Build.0 = Debug|x64
		{55FCF066-0708-4B48-92C8-5660D08FFD35}.Release|Any CPU.ActiveCfg = Release|Any CPU
		{55FCF066-0708-4B48-92C8-5660D08FFD35}.Release|Any CPU.Build.0 = Release|Any CPU
		{55FCF066-0708-4B48-92C8-5660D08FFD35}.Release|x64.ActiveCfg = Release|x64
		{55FCF066-0708-4B48-92C8-5660D08FFD35}.Release|x64.Build.0 = Release|x64
		{2AF4C1A4-1E23-4967-9F9F-413EC73B6F1E}.Debug|Any CPU.ActiveCfg = Debug|Any CPU
		{2AF4C1A4-1E23-4967-9F9F-413EC73B6F1E}.Debug|Any CPU.Build.0 = Debug|Any CPU
		{2AF4C1A4-1E23-4967-9F9F-413EC73B6F1E}.Debug|x64.ActiveCfg = Debug|x64
		{2AF4C1A4-1E23-4967-9F9F-413EC73B6F1E}.Debug|x64.Build.0 = Debug|x64
		{2AF4C1A4-1E23-4967-9F9F-413EC73B6F1E}.Release|Any CPU.ActiveCfg = Release|Any CPU
		{2AF4C1A4-1E23-4967-9F9F-413EC73B6F1E}.Release|Any CPU.Build.0 = Release|Any CPU
		{2AF4C1A4-1E23-4967-9F9F-413EC73B6F1E}.Release|x64.ActiveCfg = Release|x64
		{2AF4C1A4-1E23-4967-9F9F-413EC73B6F1E}.Release|x64.Build.0 = Release|x64
		{4ADC524D-D2FE-4993-B759-DEE5F846CE76}.Debug|Any CPU.ActiveCfg = Debug|Any CPU
		{4ADC524D-D2FE-4993-B759-DEE5F846CE76}.Debug|Any CPU.Build.0 = Debug|Any CPU
		{4ADC524D-D2FE-4993-B759-DEE5F846CE76}.Debug|x64.ActiveCfg = Debug|x64
		{4ADC524D-D2FE-4993-B759-DEE5F846CE76}.Debug|x64.Build.0 = Debug|x64
		{4ADC524D-D2FE-4993-B759-DEE5F846CE76}.Release|Any CPU.ActiveCfg = Release|Any CPU
		{4ADC524D-D2FE-4993-B759-DEE5F846CE76}.Release|Any CPU.Build.0 = Release|Any CPU
		{4ADC524D-D2FE-4993-B759-DEE5F846CE76}.Release|x64.ActiveCfg = Release|x64
		{4ADC524D-D2FE-4993-B759-DEE5F846CE76}.Release|x64.Build.0 = Release|x64
		{FA949B30-FA45-4603-A0FF-D723DA16E6F6}.Debug|Any CPU.ActiveCfg = Debug|Any CPU
		{FA949B30-FA45-4603-A0FF-D723DA16E6F6}.Debug|Any CPU.Build.0 = Debug|Any CPU
		{FA949B30-FA45-4603-A0FF-D723DA16E6F6}.Debug|x64.ActiveCfg = Debug|x64
		{FA949B30-FA45-4603-A0FF-D723DA16E6F6}.Debug|x64.Build.0 = Debug|x64
		{FA949B30-FA45-4603-A0FF-D723DA16E6F6}.Release|Any CPU.ActiveCfg = Release|Any CPU
		{FA949B30-FA45-4603-A0FF-D723DA16E6F6}.Release|Any CPU.Build.0 = Release|Any CPU
		{FA949B30-FA45-4603-A0FF-D723DA16E6F6}.Release|x64.ActiveCfg = Release|x64
		{FA949B30-FA45-4603-A0FF-D723DA16E6F6}.Release|x64.Build.0 = Release|x64
		{4C5C2DF8-2BCF-4B61-BE43-11DC2EF5DE1E}.Debug|Any CPU.ActiveCfg = Debug|Any CPU
		{4C5C2DF8-2BCF-4B61-BE43-11DC2EF5DE1E}.Debug|Any CPU.Build.0 = Debug|Any CPU
		{4C5C2DF8-2BCF-4B61-BE43-11DC2EF5DE1E}.Debug|x64.ActiveCfg = Debug|x64
		{4C5C2DF8-2BCF-4B61-BE43-11DC2EF5DE1E}.Debug|x64.Build.0 = Debug|x64
		{4C5C2DF8-2BCF-4B61-BE43-11DC2EF5DE1E}.Release|Any CPU.ActiveCfg = Release|Any CPU
		{4C5C2DF8-2BCF-4B61-BE43-11DC2EF5DE1E}.Release|Any CPU.Build.0 = Release|Any CPU
		{4C5C2DF8-2BCF-4B61-BE43-11DC2EF5DE1E}.Release|x64.ActiveCfg = Release|x64
		{4C5C2DF8-2BCF-4B61-BE43-11DC2EF5DE1E}.Release|x64.Build.0 = Release|x64
		{30973B49-8077-48A4-95E2-7DFB9B893AF3}.Debug|Any CPU.ActiveCfg = Debug|Any CPU
		{30973B49-8077-48A4-95E2-7DFB9B893AF3}.Debug|Any CPU.Build.0 = Debug|Any CPU
		{30973B49-8077-48A4-95E2-7DFB9B893AF3}.Debug|x64.ActiveCfg = Debug|x64
		{30973B49-8077-48A4-95E2-7DFB9B893AF3}.Debug|x64.Build.0 = Debug|x64
		{30973B49-8077-48A4-95E2-7DFB9B893AF3}.Release|Any CPU.ActiveCfg = Release|Any CPU
		{30973B49-8077-48A4-95E2-7DFB9B893AF3}.Release|Any CPU.Build.0 = Release|Any CPU
		{30973B49-8077-48A4-95E2-7DFB9B893AF3}.Release|x64.ActiveCfg = Release|x64
		{30973B49-8077-48A4-95E2-7DFB9B893AF3}.Release|x64.Build.0 = Release|x64
	EndGlobalSection
	GlobalSection(SolutionProperties) = preSolution
		HideSolutionNode = FALSE
	EndGlobalSection
	GlobalSection(NestedProjects) = preSolution
		{FD89533C-3989-46AF-9F82-28231F1C289E} = {13914121-8DCB-4D63-A659-903495B6ABB0}
		{E62ABED5-573B-4F95-A6D7-367797D06C50} = {93E29ECC-8BB9-4FF8-8CDA-B5BD5A7925CE}
		{233E14B2-28C4-4181-B1FF-58750B2944EB} = {91A391B9-3328-4C4C-BAFF-21EF7B84B026}
		{49DC8953-132A-4784-8C78-B5E2DA05F030} = {E62ABED5-573B-4F95-A6D7-367797D06C50}
		{2892421A-FC94-404B-9EBF-E3E97253992C} = {13914121-8DCB-4D63-A659-903495B6ABB0}
		{20AF9B30-146E-483E-A4F7-C09AF17C9121} = {93E29ECC-8BB9-4FF8-8CDA-B5BD5A7925CE}
		{E5DCD67E-B273-4992-8B5B-4467B782C8DD} = {20AF9B30-146E-483E-A4F7-C09AF17C9121}
		{3D73FFAE-669C-44EE-B918-C8CBA612A166} = {03DDA143-1444-4D4B-AB4D-D268DC0A9F80}
		{482A4515-69CB-4312-84B7-0566841272E3} = {13914121-8DCB-4D63-A659-903495B6ABB0}
		{57B4DC41-4E81-439C-BADD-ADD9AA3B2C52} = {93E29ECC-8BB9-4FF8-8CDA-B5BD5A7925CE}
		{9F742958-801A-4812-9A63-797833361829} = {13914121-8DCB-4D63-A659-903495B6ABB0}
		{DC93501E-2CEB-4EC6-89B9-D31ED662EB7F} = {93E29ECC-8BB9-4FF8-8CDA-B5BD5A7925CE}
		{2A4497AC-5141-4736-8039-44DFB5EA495E} = {13914121-8DCB-4D63-A659-903495B6ABB0}
		{9DD7B99E-A7AD-4573-9784-04EF606FF18A} = {93E29ECC-8BB9-4FF8-8CDA-B5BD5A7925CE}
		{2A8C4C69-63DE-477F-94A5-911102812F7C} = {9DD7B99E-A7AD-4573-9784-04EF606FF18A}
		{1402E359-1B38-4D28-AFE4-AB8B644F14AB} = {13914121-8DCB-4D63-A659-903495B6ABB0}
		{BB90A9A7-9E1A-4DAC-9635-8FE5E5DFA78F} = {93E29ECC-8BB9-4FF8-8CDA-B5BD5A7925CE}
		{4FEDC4E5-DBE3-406F-B2FC-68E78826423E} = {13914121-8DCB-4D63-A659-903495B6ABB0}
		{11E7FC8F-9FDD-48D1-8B1D-0AE7BB8394F4} = {93E29ECC-8BB9-4FF8-8CDA-B5BD5A7925CE}
		{30ACFB2C-174E-45C3-9A4D-1CE3F0F22740} = {91A391B9-3328-4C4C-BAFF-21EF7B84B026}
		{8905BEBA-14E6-4B6B-90DB-29AAB77C26F8} = {03DDA143-1444-4D4B-AB4D-D268DC0A9F80}
		{7D780DCB-4848-4D66-BB2F-A9D8D4D15EDA} = {13914121-8DCB-4D63-A659-903495B6ABB0}
		{A29E0A26-40D0-419A-994D-EB51C37DA6B9} = {9DD7B99E-A7AD-4573-9784-04EF606FF18A}
		{1A2F3F98-4A69-49C2-B97B-0A62BECFB3C0} = {11E7FC8F-9FDD-48D1-8B1D-0AE7BB8394F4}
		{1657CE43-0B26-4427-B40A-65E8C98FAAFD} = {20AF9B30-146E-483E-A4F7-C09AF17C9121}
		{1EDB90E2-1742-4862-8A19-77D44F0F32D9} = {20AF9B30-146E-483E-A4F7-C09AF17C9121}
		{C27BAD1C-A797-4A81-BD38-675B3AFFE558} = {11E7FC8F-9FDD-48D1-8B1D-0AE7BB8394F4}
		{065AEE28-76C3-41C6-9561-8826DF46E1DC} = {DC93501E-2CEB-4EC6-89B9-D31ED662EB7F}
		{FE2B1027-3DF0-45D9-8EFF-16A699843713} = {DC93501E-2CEB-4EC6-89B9-D31ED662EB7F}
		{55FCF066-0708-4B48-92C8-5660D08FFD35} = {DC93501E-2CEB-4EC6-89B9-D31ED662EB7F}
		{2AF4C1A4-1E23-4967-9F9F-413EC73B6F1E} = {E62ABED5-573B-4F95-A6D7-367797D06C50}
		{4ADC524D-D2FE-4993-B759-DEE5F846CE76} = {E62ABED5-573B-4F95-A6D7-367797D06C50}
		{FA949B30-FA45-4603-A0FF-D723DA16E6F6} = {BB90A9A7-9E1A-4DAC-9635-8FE5E5DFA78F}
		{4C5C2DF8-2BCF-4B61-BE43-11DC2EF5DE1E} = {BB90A9A7-9E1A-4DAC-9635-8FE5E5DFA78F}
		{30973B49-8077-48A4-95E2-7DFB9B893AF3} = {57B4DC41-4E81-439C-BADD-ADD9AA3B2C52}
	EndGlobalSection
	GlobalSection(ExtensibilityGlobals) = postSolution
		SolutionGuid = {2D5C5A4F-D704-485A-8293-18C28AB77B74}
	EndGlobalSection
EndGlobal
